{
  "name": "story-mapper",
  "version": "1.0.0",
  "lockfileVersion": 3,
  "requires": true,
  "packages": {
    "": {
      "name": "story-mapper",
      "version": "1.0.0",
      "license": "MIT",
      "workspaces": [
        "packages/*"
      ]
    },
    "node_modules/shared": {
      "resolved": "packages/shared",
      "link": true
    },
    "packages/shared": {
      "version": "1.0.0",
      "license": "ISC"
    }
  }
}
